{
  "version": 4,
  "terraform_version": "1.9.3",
  "serial": 199,
  "lineage": "e78fdd31-3dfa-fb11-1e34-1be325df2118",
  "outputs": {
    "argocd_initial_admin_secret": {
      "value": "kubectl -n argocd get secret argocd-initial-admin-secret -o jsonpath=\"{.data.password}\" | base64 -d",
      "type": "string"
    },
    "argocd_initial_admin_username": {
      "value": "admin",
      "type": "string"
    },
    "argocd_server_load_balancer": {
      "value": "4b736350-dfe1-4d7d-9312-08b9f3911b56.lb.civo.com",
      "type": "string"
    },
    "argocd_server_load_balancer_ip": {
      "value": "212.2.244.161",
      "type": "string"
    }
  },
  "resources": [
    {
      "mode": "data",
      "type": "kubernetes_service",
      "name": "argocd_server",
      "provider": "provider[\"registry.terraform.io/hashicorp/kubernetes\"]",
      "instances": [
        {
          "schema_version": 0,
          "attributes": {
            "id": "argocd/argocd-server",
            "metadata": [
              {
                "annotations": {
                  "kubernetes.civo.com/cluster-id": "dac4c3e1-bafe-46a8-8221-86b7dac32d5f",
                  "kubernetes.civo.com/firewall-id": "4953e986-64ab-41ed-9f0b-9c083645c508",
                  "kubernetes.civo.com/loadbalancer-algorithm": "round_robin",
                  "kubernetes.civo.com/loadbalancer-id": "4b736350-dfe1-4d7d-9312-08b9f3911b56",
                  "kubernetes.civo.com/loadbalancer-name": "workload1-argocd-argocd-server",
                  "kubernetes.civo.com/max-concurrent-requests": "10000",
                  "meta.helm.sh/release-name": "argocd",
                  "meta.helm.sh/release-namespace": "argocd",
                  "service.beta.kubernetes.io/aws-load-balancer-type": "nlb"
                },
                "generation": 0,
                "labels": {
                  "app.kubernetes.io/component": "server",
                  "app.kubernetes.io/instance": "argocd",
                  "app.kubernetes.io/managed-by": "Helm",
                  "app.kubernetes.io/name": "argocd-server",
                  "app.kubernetes.io/part-of": "argocd",
                  "helm.sh/chart": "argo-cd-4.5.2"
                },
                "name": "argocd-server",
                "namespace": "argocd",
                "resource_version": "1303",
                "uid": "486e01f7-c7df-4e9c-b095-2386410e4ac2"
              }
            ],
            "spec": [
              {
                "allocate_load_balancer_node_ports": true,
                "cluster_ip": "10.103.116.31",
                "cluster_ips": [
                  "10.103.116.31"
                ],
                "external_ips": [],
                "external_name": "",
                "external_traffic_policy": "Cluster",
                "health_check_node_port": 0,
                "internal_traffic_policy": "Cluster",
                "ip_families": [
                  "IPv4"
                ],
                "ip_family_policy": "SingleStack",
                "load_balancer_class": "",
                "load_balancer_ip": "",
                "load_balancer_source_ranges": [],
                "port": [
                  {
                    "app_protocol": "",
                    "name": "http",
                    "node_port": 32737,
                    "port": 80,
                    "protocol": "TCP",
                    "target_port": "server"
                  },
                  {
                    "app_protocol": "",
                    "name": "https",
                    "node_port": 32155,
                    "port": 443,
                    "protocol": "TCP",
                    "target_port": "server"
                  }
                ],
                "publish_not_ready_addresses": false,
                "selector": {
                  "app.kubernetes.io/instance": "argocd",
                  "app.kubernetes.io/name": "argocd-server"
                },
                "session_affinity": "None",
                "session_affinity_config": [],
                "type": "LoadBalancer"
              }
            ],
            "status": [
              {
                "load_balancer": [
                  {
                    "ingress": [
                      {
                        "hostname": "4b736350-dfe1-4d7d-9312-08b9f3911b56.lb.civo.com",
                        "ip": "212.2.244.161"
                      }
                    ]
                  }
                ]
              }
            ]
          },
          "sensitive_attributes": []
        }
      ]
    },
    {
      "mode": "managed",
      "type": "civo_firewall",
      "name": "kubefirst",
      "provider": "provider[\"registry.terraform.io/civo/civo\"]",
      "instances": [
        {
          "schema_version": 0,
          "attributes": {
            "create_default_rules": true,
            "egress_rule": [
              {
                "action": "allow",
                "cidr": [
                  "0.0.0.0/0"
                ],
                "id": "0c08ecc2-cf7e-4d01-917d-ddc29bb55866",
                "label": "Ping/traceroute",
                "port_range": "",
                "protocol": "icmp"
              },
              {
                "action": "allow",
                "cidr": [
                  "0.0.0.0/0"
                ],
                "id": "a9ca6006-4244-4daa-9265-5dda803ce626",
                "label": "All TCP ports open",
                "port_range": "1-65535",
                "protocol": "tcp"
              },
              {
                "action": "allow",
                "cidr": [
                  "0.0.0.0/0"
                ],
                "id": "e2e3d67c-66bf-4365-8059-72c3c1e146cc",
                "label": "All UDP ports open",
                "port_range": "1-65535",
                "protocol": "udp"
              }
            ],
            "id": "c40d6cea-a623-4717-8082-af4063d359da",
            "ingress_rule": [
              {
                "action": "allow",
                "cidr": [
                  "0.0.0.0/0"
                ],
                "id": "096e209e-d3ef-4517-a76e-11e0c234a705",
                "label": "All TCP ports open",
                "port_range": "1-65535",
                "protocol": "tcp"
              },
              {
                "action": "allow",
                "cidr": [
                  "0.0.0.0/0"
                ],
                "id": "940422ed-31f4-4996-aaa8-b52a66965452",
                "label": "All UDP ports open",
                "port_range": "1-65535",
                "protocol": "udp"
              },
              {
                "action": "allow",
                "cidr": [
                  "0.0.0.0/0"
                ],
                "id": "db05043c-bbd3-4722-97f1-a535caeedc25",
                "label": "Ping/traceroute",
                "port_range": "",
                "protocol": "icmp"
              }
            ],
            "name": "workload1",
            "network_id": "493220da-05b4-4cdf-9876-52be364a72bf",
            "region": "nyc1"
          },
          "sensitive_attributes": [],
          "private": "bnVsbA==",
          "dependencies": [
            "civo_network.kubefirst"
          ]
        }
      ]
    },
    {
      "mode": "managed",
      "type": "civo_kubernetes_cluster",
      "name": "kubefirst",
      "provider": "provider[\"registry.terraform.io/civo/civo\"]",
      "instances": [
        {
          "schema_version": 0,
          "attributes": {
            "api_endpoint": "https://212.2.241.239:6443",
            "applications": null,
            "cluster_type": "talos",
            "cni": "flannel",
            "created_at": "2024-08-07 07:21:39 +0000 UTC",
            "dns_entry": "dac4c3e1-bafe-46a8-8221-86b7dac32d5f.k8s.civo.com",
            "firewall_id": "c40d6cea-a623-4717-8082-af4063d359da",
            "id": "dac4c3e1-bafe-46a8-8221-86b7dac32d5f",
            "installed_applications": [],
            "kubeconfig": "apiVersion: v1\nkind: Config\nclusters:\n- name: workload1-c591-1dd370\n  cluster:\n    server: https://212.2.241.239:6443\n    certificate-authority-data: LS0tLS1CRUdJTiBDRVJUSUZJQ0FURS0tLS0tCk1JSUJpVENDQVMrZ0F3SUJBZ0lRTDRBTjR5U0FUZ2NRLzZDUHhSYjdYVEFLQmdncWhrak9QUVFEQWpBVk1STXcKRVFZRFZRUUtFd3ByZFdKbGNtNWxkR1Z6TUI0WERUSTBNRGd3TnpBM01qRXpPVm9YRFRNME1EZ3dOVEEzTWpFegpPVm93RlRFVE1CRUdBMVVFQ2hNS2EzVmlaWEp1WlhSbGN6QlpNQk1HQnlxR1NNNDlBZ0VHQ0NxR1NNNDlBd0VICkEwSUFCQjNuM0JReDFsYzc5cHp0YlNUVE16LzNIejJ6ZXhuMWxvMGN4NXoxcDVaUXdsWUk4aWduVmV0UTVVbnkKSzY1UHhDUzM1OWp0NFAxdzNQY05iS3AwYzQ2allUQmZNQTRHQTFVZER3RUIvd1FFQXdJQ2hEQWRCZ05WSFNVRQpGakFVQmdnckJnRUZCUWNEQVFZSUt3WUJCUVVIQXdJd0R3WURWUjBUQVFIL0JBVXdBd0VCL3pBZEJnTlZIUTRFCkZnUVUwK0k3bVNvYmNjcXBpQkRWRDM4MFp3Z0FTbnd3Q2dZSUtvWkl6ajBFQXdJRFNBQXdSUUlnRlBDaEVWTk4KYzNxcHF1S01DUEsrRG1EL0NacEdrbnkzZ1Z4bmVYUDg4SEVDSVFDVHorOGhEdTBmb25iVVBML3hnQzNyeG4rYQpSMHJCOVFBc2pVbGptRkkwWlE9PQotLS0tLUVORCBDRVJUSUZJQ0FURS0tLS0tCg==\nusers:\n- name: admin@workload1-c591-1dd370\n  user:\n    client-certificate-data: LS0tLS1CRUdJTiBDRVJUSUZJQ0FURS0tLS0tCk1JSUJoVENDQVN1Z0F3SUJBZ0lSQUw1VlN4WW80WXA0REZtWnRHNm96cGd3Q2dZSUtvWkl6ajBFQXdJd0ZURVQKTUJFR0ExVUVDaE1LYTNWaVpYSnVaWFJsY3pBZUZ3MHlOREE0TURjd056SXpORFphRncweU5UQTRNRGN3TnpJegpOVFphTUNreEZ6QVZCZ05WQkFvVERuTjVjM1JsYlRwdFlYTjBaWEp6TVE0d0RBWURWUVFERXdWaFpHMXBiakJaCk1CTUdCeXFHU000OUFnRUdDQ3FHU000OUF3RUhBMElBQkI2Q09wMG00eDNoL0JiUVQ0NFQwV0xzTjZhb1BIVGkKZ3N5dWZTWmdBOVJCSmw5OGNPU2FMdTcvOVlFdnkvRFN2dzFjQlF1UTZCSmt6L21UT2Q2dmJYdWpTREJHTUE0RwpBMVVkRHdFQi93UUVBd0lGb0RBVEJnTlZIU1VFRERBS0JnZ3JCZ0VGQlFjREFqQWZCZ05WSFNNRUdEQVdnQlRUCjRqdVpLaHR4eXFtSUVOVVBmelJuQ0FCS2ZEQUtCZ2dxaGtqT1BRUURBZ05JQURCRkFpQVd0OHdsRURpemI4TmkKYk1RZHFDT3NlSU5hTmxaNGdsbHppd1QxdG9DTllBSWhBTmE0YyszRFZFQXc2b1FhWVBtYjcrd3hEZlpUdDJHKwpVb0VRRUIwOTBTL3gKLS0tLS1FTkQgQ0VSVElGSUNBVEUtLS0tLQo=\n    client-key-data: LS0tLS1CRUdJTiBFQyBQUklWQVRFIEtFWS0tLS0tCk1IY0NBUUVFSUpyeVY5cGRnZ2VJVTdWSmpadmZSSXRhQXlMUVgwZy9Ga2htQUt1SmQ2bTZvQW9HQ0NxR1NNNDkKQXdFSG9VUURRZ0FFSG9JNm5TYmpIZUg4RnRCUGpoUFJZdXczcHFnOGRPS0N6SzU5Sm1BRDFFRW1YM3h3NUpvdQo3di8xZ1MvTDhOSy9EVndGQzVEb0VtVFArWk01M3E5dGV3PT0KLS0tLS1FTkQgRUMgUFJJVkFURSBLRVktLS0tLQo=\ncontexts:\n- context:\n    cluster: workload1-c591-1dd370\n    namespace: default\n    user: admin@workload1-c591-1dd370\n  name: admin@workload1-c591-1dd370\ncurrent-context: admin@workload1-c591-1dd370\n",
            "kubernetes_version": "1.27.0",
            "master_ip": "212.2.241.239",
            "name": "workload1",
            "network_id": "493220da-05b4-4cdf-9876-52be364a72bf",
            "num_target_nodes": 3,
            "pools": [
              {
                "instance_names": [
                  "workload1-c591-1dd370-pool-039a-3ggci",
                  "workload1-c591-1dd370-pool-039a-ifoui",
                  "workload1-c591-1dd370-pool-039a-zjv9o"
                ],
                "label": "workload1",
                "labels": {},
                "node_count": 3,
                "public_ip_node_pool": false,
                "size": "g4s.kube.large",
                "taint": []
              }
            ],
            "ready": true,
            "region": "nyc1",
            "status": "ACTIVE",
            "tags": "",
            "target_nodes_size": "g4s.kube.large",
            "timeouts": null
          },
          "sensitive_attributes": [
            [
              {
                "type": "get_attr",
                "value": "kubeconfig"
              }
            ]
          ],
          "private": "eyJlMmJmYjczMC1lY2FhLTExZTYtOGY4OC0zNDM2M2JjN2M0YzAiOnsiY3JlYXRlIjoxODAwMDAwMDAwMDAwLCJkZWxldGUiOjE4MDAwMDAwMDAwMDAsInVwZGF0ZSI6MTgwMDAwMDAwMDAwMH19",
          "dependencies": [
            "civo_firewall.kubefirst",
            "civo_network.kubefirst"
          ]
        }
      ]
    },
    {
      "mode": "managed",
      "type": "civo_network",
      "name": "kubefirst",
      "provider": "provider[\"registry.terraform.io/civo/civo\"]",
      "instances": [
        {
          "schema_version": 0,
          "attributes": {
            "cidr_v4": "192.168.1.0/24",
            "default": false,
            "id": "493220da-05b4-4cdf-9876-52be364a72bf",
            "label": "workload1",
            "name": "cust-workload1-6a5143cb-c59132f91f80",
            "nameservers_v4": [
              "8.8.8.8",
              "1.1.1.1"
            ],
            "region": "nyc1",
            "vlan_allocation_pool_v4_end": null,
            "vlan_allocation_pool_v4_start": null,
            "vlan_cidr_v4": null,
            "vlan_gateway_ip_v4": null,
            "vlan_id": null,
            "vlan_physical_interface": null
          },
          "sensitive_attributes": [],
          "private": "bnVsbA=="
        }
      ]
    },
    {
      "mode": "managed",
      "type": "helm_release",
      "name": "argocd",
      "provider": "provider[\"registry.terraform.io/hashicorp/helm\"]",
      "instances": [
        {
          "schema_version": 1,
          "attributes": {
            "atomic": false,
            "chart": "argo-cd",
            "cleanup_on_fail": false,
            "create_namespace": true,
            "dependency_update": false,
            "description": null,
            "devel": null,
            "disable_crd_hooks": false,
            "disable_openapi_validation": false,
            "disable_webhooks": false,
            "force_update": false,
            "id": "argocd",
            "keyring": null,
            "lint": false,
            "manifest": null,
            "max_history": 0,
            "metadata": [
              {
                "app_version": "v2.3.3",
                "chart": "argo-cd",
                "first_deployed": 1723015525,
                "last_deployed": 1723015525,
                "name": "argocd",
                "namespace": "argocd",
                "notes": "\nIn order to access the server UI you have the following options:\n\n1. kubectl port-forward service/argocd-server -n argocd 8080:443\n\n    and then open the browser on http://localhost:8080 and accept the certificate\n\n2. enable ingress in the values file `server.ingress.enabled` and either\n      - Add the annotation for ssl passthrough: https://github.com/argoproj/argo-cd/blob/master/docs/operator-manual/ingress.md#option-1-ssl-passthrough\n      - Add the `--insecure` flag to `server.extraArgs` in the values file and terminate SSL at your ingress: https://github.com/argoproj/argo-cd/blob/master/docs/operator-manual/ingress.md#option-2-multiple-ingress-objects-and-hosts\n\n\nAfter reaching the UI the first time you can login with username: admin and the random password generated during the installation. You can find the password by running:\n\nkubectl -n argocd get secret argocd-initial-admin-secret -o jsonpath=\"{.data.password}\" | base64 -d\n\n(You should delete the initial secret afterwards as suggested by the Getting Started Guide: https://github.com/argoproj/argo-cd/blob/master/docs/getting_started.md#4-login-using-the-cli)\n",
                "revision": 1,
                "values": "{\"server\":{\"service\":{\"annotations\":{\"service.beta.kubernetes.io/aws-load-balancer-type\":\"nlb\"},\"type\":\"LoadBalancer\"}}}",
                "version": "4.5.2"
              }
            ],
            "name": "argocd",
            "namespace": "argocd",
            "pass_credentials": false,
            "postrender": [],
            "recreate_pods": false,
            "render_subchart_notes": true,
            "replace": false,
            "repository": "https://argoproj.github.io/argo-helm",
            "repository_ca_file": null,
            "repository_cert_file": null,
            "repository_key_file": null,
            "repository_password": null,
            "repository_username": null,
            "reset_values": false,
            "reuse_values": false,
            "set": [
              {
                "name": "server.service.annotations.service\\.beta\\.kubernetes\\.io/aws-load-balancer-type",
                "type": "",
                "value": "nlb"
              },
              {
                "name": "server.service.type",
                "type": "",
                "value": "LoadBalancer"
              }
            ],
            "set_list": [],
            "set_sensitive": [],
            "skip_crds": false,
            "status": "deployed",
            "timeout": 300,
            "values": null,
            "verify": false,
            "version": "4.5.2",
            "wait": true,
            "wait_for_jobs": false
          },
          "sensitive_attributes": [
            [
              {
                "type": "get_attr",
                "value": "repository_password"
              }
            ]
          ],
          "private": "eyJzY2hlbWFfdmVyc2lvbiI6IjEifQ==",
          "dependencies": [
            "civo_firewall.kubefirst",
            "civo_kubernetes_cluster.kubefirst",
            "civo_network.kubefirst"
          ]
        }
      ]
    },
    {
      "mode": "managed",
      "type": "helm_release",
      "name": "gateway",
      "provider": "provider[\"registry.terraform.io/hashicorp/helm\"]",
      "instances": [
        {
          "schema_version": 1,
          "attributes": {
            "atomic": false,
            "chart": "gateway",
            "cleanup_on_fail": false,
            "create_namespace": true,
            "dependency_update": false,
            "description": null,
            "devel": null,
            "disable_crd_hooks": false,
            "disable_openapi_validation": false,
            "disable_webhooks": false,
            "force_update": false,
            "id": "gateway",
            "keyring": null,
            "lint": false,
            "manifest": null,
            "max_history": 0,
            "metadata": [
              {
                "app_version": "1.22.3",
                "chart": "gateway",
                "first_deployed": 1723015584,
                "last_deployed": 1723015584,
                "name": "gateway",
                "namespace": "istio-system",
                "notes": "\"gateway\" successfully installed!\n\nTo learn more about the release, try:\n  $ helm status gateway -n istio-system\n  $ helm get all gateway -n istio-system\n\nNext steps:\n  * Deploy an HTTP Gateway: https://istio.io/latest/docs/tasks/traffic-management/ingress/ingress-control/\n  * Deploy an HTTPS Gateway: https://istio.io/latest/docs/tasks/traffic-management/ingress/secure-ingress/\n",
                "revision": 1,
                "values": "{}",
                "version": "1.22.3"
              }
            ],
            "name": "gateway",
            "namespace": "istio-system",
            "pass_credentials": false,
            "postrender": [],
            "recreate_pods": false,
            "render_subchart_notes": true,
            "replace": false,
            "repository": "https://istio-release.storage.googleapis.com/charts",
            "repository_ca_file": null,
            "repository_cert_file": null,
            "repository_key_file": null,
            "repository_password": null,
            "repository_username": null,
            "reset_values": false,
            "reuse_values": false,
            "set": [],
            "set_list": [],
            "set_sensitive": [],
            "skip_crds": false,
            "status": "deployed",
            "timeout": 300,
            "values": null,
            "verify": false,
            "version": "1.22.3",
            "wait": true,
            "wait_for_jobs": false
          },
          "sensitive_attributes": [
            [
              {
                "type": "get_attr",
                "value": "repository_password"
              }
            ]
          ],
          "private": "eyJzY2hlbWFfdmVyc2lvbiI6IjEifQ==",
          "dependencies": [
            "civo_firewall.kubefirst",
            "civo_kubernetes_cluster.kubefirst",
            "civo_network.kubefirst",
            "helm_release.istio_base",
            "helm_release.istiod"
          ]
        }
      ]
    },
    {
      "mode": "managed",
      "type": "helm_release",
      "name": "istio_base",
      "provider": "provider[\"registry.terraform.io/hashicorp/helm\"]",
      "instances": [
        {
          "schema_version": 1,
          "attributes": {
            "atomic": false,
            "chart": "base",
            "cleanup_on_fail": false,
            "create_namespace": true,
            "dependency_update": false,
            "description": null,
            "devel": null,
            "disable_crd_hooks": false,
            "disable_openapi_validation": false,
            "disable_webhooks": false,
            "force_update": false,
            "id": "my-istio-base-release",
            "keyring": null,
            "lint": false,
            "manifest": null,
            "max_history": 0,
            "metadata": [
              {
                "app_version": "1.22.3",
                "chart": "base",
                "first_deployed": 1723015532,
                "last_deployed": 1723015532,
                "name": "my-istio-base-release",
                "namespace": "istio-system",
                "notes": "Istio base successfully installed!\n\nTo learn more about the release, try:\n  $ helm status my-istio-base-release -n istio-system\n  $ helm get all my-istio-base-release -n istio-system\n",
                "revision": 1,
                "values": "{\"global\":{\"istioNamespace\":\"istio-system\"}}",
                "version": "1.22.3"
              }
            ],
            "name": "my-istio-base-release",
            "namespace": "istio-system",
            "pass_credentials": false,
            "postrender": [],
            "recreate_pods": false,
            "render_subchart_notes": true,
            "replace": false,
            "repository": "https://istio-release.storage.googleapis.com/charts",
            "repository_ca_file": null,
            "repository_cert_file": null,
            "repository_key_file": null,
            "repository_password": null,
            "repository_username": null,
            "reset_values": false,
            "reuse_values": false,
            "set": [
              {
                "name": "global.istioNamespace",
                "type": "",
                "value": "istio-system"
              }
            ],
            "set_list": [],
            "set_sensitive": [],
            "skip_crds": false,
            "status": "deployed",
            "timeout": 300,
            "values": null,
            "verify": false,
            "version": "1.22.3",
            "wait": true,
            "wait_for_jobs": false
          },
          "sensitive_attributes": [
            [
              {
                "type": "get_attr",
                "value": "repository_password"
              }
            ]
          ],
          "private": "eyJzY2hlbWFfdmVyc2lvbiI6IjEifQ==",
          "dependencies": [
            "civo_firewall.kubefirst",
            "civo_kubernetes_cluster.kubefirst",
            "civo_network.kubefirst"
          ]
        }
      ]
    },
    {
      "mode": "managed",
      "type": "helm_release",
      "name": "istiod",
      "provider": "provider[\"registry.terraform.io/hashicorp/helm\"]",
      "instances": [
        {
          "schema_version": 1,
          "attributes": {
            "atomic": false,
            "chart": "istiod",
            "cleanup_on_fail": false,
            "create_namespace": true,
            "dependency_update": false,
            "description": null,
            "devel": null,
            "disable_crd_hooks": false,
            "disable_openapi_validation": false,
            "disable_webhooks": false,
            "force_update": false,
            "id": "my-istiod-release",
            "keyring": null,
            "lint": false,
            "manifest": null,
            "max_history": 0,
            "metadata": [
              {
                "app_version": "1.22.3",
                "chart": "istiod",
                "first_deployed": 1723015546,
                "last_deployed": 1723015546,
                "name": "my-istiod-release",
                "namespace": "istio-system",
                "notes": "\"istiod\" successfully installed!\n\nTo learn more about the release, try:\n  $ helm status my-istiod-release -n istio-system\n  $ helm get all my-istiod-release -n istio-system\n\nNext steps:\n  * Deploy a Gateway: https://istio.io/latest/docs/setup/additional-setup/gateway/\n  * Try out our tasks to get started on common configurations:\n    * https://istio.io/latest/docs/tasks/traffic-management\n    * https://istio.io/latest/docs/tasks/security/\n    * https://istio.io/latest/docs/tasks/policy-enforcement/\n  * Review the list of actively supported releases, CVE publications and our hardening guide:\n    * https://istio.io/latest/docs/releases/supported-releases/\n    * https://istio.io/latest/news/security/\n    * https://istio.io/latest/docs/ops/best-practices/security/\n\nFor further documentation see https://istio.io website\n",
                "revision": 1,
                "values": "{\"global\":{\"istioNamespace\":\"istio-system\"},\"meshConfig\":{\"ingressSelector\":\"gateway\",\"ingressService\":\"istio-gateway\"},\"telemetry\":{\"enabled\":true}}",
                "version": "1.22.3"
              }
            ],
            "name": "my-istiod-release",
            "namespace": "istio-system",
            "pass_credentials": false,
            "postrender": [],
            "recreate_pods": false,
            "render_subchart_notes": true,
            "replace": false,
            "repository": "https://istio-release.storage.googleapis.com/charts",
            "repository_ca_file": null,
            "repository_cert_file": null,
            "repository_key_file": null,
            "repository_password": null,
            "repository_username": null,
            "reset_values": false,
            "reuse_values": false,
            "set": [
              {
                "name": "global.istioNamespace",
                "type": "",
                "value": "istio-system"
              },
              {
                "name": "meshConfig.ingressSelector",
                "type": "",
                "value": "gateway"
              },
              {
                "name": "meshConfig.ingressService",
                "type": "",
                "value": "istio-gateway"
              },
              {
                "name": "telemetry.enabled",
                "type": "",
                "value": "true"
              }
            ],
            "set_list": [],
            "set_sensitive": [],
            "skip_crds": false,
            "status": "deployed",
            "timeout": 300,
            "values": null,
            "verify": false,
            "version": "1.22.3",
            "wait": true,
            "wait_for_jobs": false
          },
          "sensitive_attributes": [
            [
              {
                "type": "get_attr",
                "value": "repository_password"
              }
            ]
          ],
          "private": "eyJzY2hlbWFfdmVyc2lvbiI6IjEifQ==",
          "dependencies": [
            "civo_firewall.kubefirst",
            "civo_kubernetes_cluster.kubefirst",
            "civo_network.kubefirst",
            "helm_release.istio_base"
          ]
        }
      ]
    }
  ],
  "check_results": null
}
